
Microsoft Visual Studio Solution File, Format Version 12.00
# Visual Studio Version 16
VisualStudioVersion = 16.0.30002.166
MinimumVisualStudioVersion = 10.0.40219.1
Project("{FAE04EC0-301F-11D3-BF4B-00C04F79EFBC}") = "WinnipegForum", "WinnipegForum\WinnipegForum.csproj", "{59218A90-ECD1-48C8-BA25-07E7595E4C1C}"
EndProject
Project("{FAE04EC0-301F-11D3-BF4B-00C04F79EFBC}") = "WinnipegForum.Data", "WinnipegForum.Data\WinnipegForum.Data.csproj", "{4B03F680-71E3-4DCD-A8D5-E07010DD8173}"
EndProject
Global
	GlobalSection(SolutionConfigurationPlatforms) = preSolution
		Debug|Any CPU = Debug|Any CPU
		Release|Any CPU = Release|Any CPU
	EndGlobalSection
	GlobalSection(ProjectConfigurationPlatforms) = postSolution
		{59218A90-ECD1-48C8-BA25-07E7595E4C1C}.Debug|Any CPU.ActiveCfg = Debug|Any CPU
		{59218A90-ECD1-48C8-BA25-07E7595E4C1C}.Debug|Any CPU.Build.0 = Debug|Any CPU
		{59218A90-ECD1-48C8-BA25-07E7595E4C1C}.Release|Any CPU.ActiveCfg = Release|Any CPU
		{59218A90-ECD1-48C8-BA25-07E7595E4C1C}.Release|Any CPU.Build.0 = Release|Any CPU
		{4B03F680-71E3-4DCD-A8D5-E07010DD8173}.Debug|Any CPU.ActiveCfg = Debug|Any CPU
		{4B03F680-71E3-4DCD-A8D5-E07010DD8173}.Debug|Any CPU.Build.0 = Debug|Any CPU
		{4B03F680-71E3-4DCD-A8D5-E07010DD8173}.Release|Any CPU.ActiveCfg = Release|Any CPU
		{4B03F680-71E3-4DCD-A8D5-E07010DD8173}.Release|Any CPU.Build.0 = Release|Any CPU
	EndGlobalSection
	GlobalSection(SolutionProperties) = preSolution
		HideSolutionNode = FALSE
	EndGlobalSection
	GlobalSection(ExtensibilityGlobals) = postSolution
		SolutionGuid = {5574F77B-E39D-42F0-9D18-5F7A517C2F1C}
	EndGlobalSection
EndGlobal
